// !$*UTF8*$!
{
	archiveVersion = 1;
	classes = {
	};
	objectVersion = 47;
	objects = {

/* Begin PBXBuildFile section */
		07CAB7F22EBB397C84D15E9C /* Pods_amatrackerTests.framework in Frameworks */ = {isa = PBXBuildFile; fileRef = 81BBE80A04A996B08072959C /* Pods_amatrackerTests.framework */; };
		5260546C388F38CDB9FDE35D /* Pods_amatrackerUITests.framework in Frameworks */ = {isa = PBXBuildFile; fileRef = 5D25F421490F34B5CCDBDD3E /* Pods_amatrackerUITests.framework */; };
		9473252E1B805C3C00F4B1FD /* AppDelegate.swift in Sources */ = {isa = PBXBuildFile; fileRef = 9473252D1B805C3C00F4B1FD /* AppDelegate.swift */; };
		947325311B805C3C00F4B1FD /* amatracker.xcdatamodeld in Sources */ = {isa = PBXBuildFile; fileRef = 9473252F1B805C3C00F4B1FD /* amatracker.xcdatamodeld */; };
		947325331B805C3C00F4B1FD /* CalclatorViewController.swift in Sources */ = {isa = PBXBuildFile; fileRef = 947325321B805C3C00F4B1FD /* CalclatorViewController.swift */; };
		947325361B805C3C00F4B1FD /* Main.storyboard in Resources */ = {isa = PBXBuildFile; fileRef = 947325341B805C3C00F4B1FD /* Main.storyboard */; };
		947325381B805C3C00F4B1FD /* Images.xcassets in Resources */ = {isa = PBXBuildFile; fileRef = 947325371B805C3C00F4B1FD /* Images.xcassets */; };
		9473253B1B805C3C00F4B1FD /* LaunchScreen.xib in Resources */ = {isa = PBXBuildFile; fileRef = 947325391B805C3C00F4B1FD /* LaunchScreen.xib */; };
		947325471B805C3D00F4B1FD /* amatrackerTests.swift in Sources */ = {isa = PBXBuildFile; fileRef = 947325461B805C3D00F4B1FD /* amatrackerTests.swift */; };
		947325511B805EE800F4B1FD /* MovementListViewController.swift in Sources */ = {isa = PBXBuildFile; fileRef = 947325501B805EE800F4B1FD /* MovementListViewController.swift */; };
		947325531B8060CE00F4B1FD /* MovementTableCell.swift in Sources */ = {isa = PBXBuildFile; fileRef = 947325521B8060CE00F4B1FD /* MovementTableCell.swift */; };
		947325551B80670100F4B1FD /* MovementDetailViewController.swift in Sources */ = {isa = PBXBuildFile; fileRef = 947325541B80670100F4B1FD /* MovementDetailViewController.swift */; };
		947325571B80704D00F4B1FD /* AddRecordViewController.swift in Sources */ = {isa = PBXBuildFile; fileRef = 947325561B80704D00F4B1FD /* AddRecordViewController.swift */; };
		947325591B80728E00F4B1FD /* MovementRecordTableCell.swift in Sources */ = {isa = PBXBuildFile; fileRef = 947325581B80728E00F4B1FD /* MovementRecordTableCell.swift */; };
		9473255F1B80C4E400F4B1FD /* Movement.swift in Sources */ = {isa = PBXBuildFile; fileRef = 9473255E1B80C4E400F4B1FD /* Movement.swift */; };
		947325611B80CC6600F4B1FD /* Record.swift in Sources */ = {isa = PBXBuildFile; fileRef = 947325601B80CC6600F4B1FD /* Record.swift */; };
		947325641B80DA1000F4B1FD /* RecordService.swift in Sources */ = {isa = PBXBuildFile; fileRef = 947325631B80DA1000F4B1FD /* RecordService.swift */; };
		9477E4D71C5508D300222D54 /* MeasurementUnit.swift in Sources */ = {isa = PBXBuildFile; fileRef = 9477E4D61C5508D300222D54 /* MeasurementUnit.swift */; };
		94BD08471BDB35D1005C1FCA /* MovementService.swift in Sources */ = {isa = PBXBuildFile; fileRef = 94BD08461BDB35D1005C1FCA /* MovementService.swift */; };
		94BD08491BDB3DF3005C1FCA /* PercentagesViewController.swift in Sources */ = {isa = PBXBuildFile; fileRef = 94BD08481BDB3DF3005C1FCA /* PercentagesViewController.swift */; };
		94BD084C1BDB3F10005C1FCA /* PercentageTableCell.swift in Sources */ = {isa = PBXBuildFile; fileRef = 94BD084B1BDB3F10005C1FCA /* PercentageTableCell.swift */; };
		94BD08541BDC9482005C1FCA /* calc-25x25.png in Resources */ = {isa = PBXBuildFile; fileRef = 94BD08531BDC9482005C1FCA /* calc-25x25.png */; };
		94BD08561BDC96C8005C1FCA /* weight-30x25.png in Resources */ = {isa = PBXBuildFile; fileRef = 94BD08551BDC96C8005C1FCA /* weight-30x25.png */; };
		94BD08581BDC97A2005C1FCA /* CF-Amatak-500.png in Resources */ = {isa = PBXBuildFile; fileRef = 94BD08571BDC97A2005C1FCA /* CF-Amatak-500.png */; };
		94BD085A1BDC9950005C1FCA /* amatak-144.png in Resources */ = {isa = PBXBuildFile; fileRef = 94BD08591BDC9950005C1FCA /* amatak-144.png */; };
		B188FA54E3CDCBF11E8C8FD6 /* Pods_amatracker.framework in Frameworks */ = {isa = PBXBuildFile; fileRef = 74DF75483B43769F686F78AD /* Pods_amatracker.framework */; };
/* End PBXBuildFile section */

/* Begin PBXContainerItemProxy section */
		947325411B805C3D00F4B1FD /* PBXContainerItemProxy */ = {
			isa = PBXContainerItemProxy;
			containerPortal = 947325201B805C3C00F4B1FD /* Project object */;
			proxyType = 1;
			remoteGlobalIDString = 947325271B805C3C00F4B1FD;
			remoteInfo = amatracker;
		};
		94D9EFA31BE483E5006DE7E5 /* PBXContainerItemProxy */ = {
			isa = PBXContainerItemProxy;
			containerPortal = 947325201B805C3C00F4B1FD /* Project object */;
			proxyType = 1;
			remoteGlobalIDString = 947325271B805C3C00F4B1FD;
			remoteInfo = amatracker;
		};
/* End PBXContainerItemProxy section */

/* Begin PBXFileReference section */
		541E65BB273EE98045B2D881 /* Pods-amatrackerUITests.debug.xcconfig */ = {isa = PBXFileReference; includeInIndex = 1; lastKnownFileType = text.xcconfig; name = "Pods-amatrackerUITests.debug.xcconfig"; path = "Pods/Target Support Files/Pods-amatrackerUITests/Pods-amatrackerUITests.debug.xcconfig"; sourceTree = "<group>"; };
		579CE48525C26E8D5F9DF0A4 /* Pods-amatracker.debug.xcconfig */ = {isa = PBXFileReference; includeInIndex = 1; lastKnownFileType = text.xcconfig; name = "Pods-amatracker.debug.xcconfig"; path = "Pods/Target Support Files/Pods-amatracker/Pods-amatracker.debug.xcconfig"; sourceTree = "<group>"; };
		5D25F421490F34B5CCDBDD3E /* Pods_amatrackerUITests.framework */ = {isa = PBXFileReference; explicitFileType = wrapper.framework; includeInIndex = 0; path = Pods_amatrackerUITests.framework; sourceTree = BUILT_PRODUCTS_DIR; };
		74DF75483B43769F686F78AD /* Pods_amatracker.framework */ = {isa = PBXFileReference; explicitFileType = wrapper.framework; includeInIndex = 0; path = Pods_amatracker.framework; sourceTree = BUILT_PRODUCTS_DIR; };
		7538981E8999615C5C795FDE /* Pods-amatracker.release.xcconfig */ = {isa = PBXFileReference; includeInIndex = 1; lastKnownFileType = text.xcconfig; name = "Pods-amatracker.release.xcconfig"; path = "Pods/Target Support Files/Pods-amatracker/Pods-amatracker.release.xcconfig"; sourceTree = "<group>"; };
		81BBE80A04A996B08072959C /* Pods_amatrackerTests.framework */ = {isa = PBXFileReference; explicitFileType = wrapper.framework; includeInIndex = 0; path = Pods_amatrackerTests.framework; sourceTree = BUILT_PRODUCTS_DIR; };
		947325281B805C3C00F4B1FD /* amatracker.app */ = {isa = PBXFileReference; explicitFileType = wrapper.application; includeInIndex = 0; path = amatracker.app; sourceTree = BUILT_PRODUCTS_DIR; };
		9473252C1B805C3C00F4B1FD /* Info.plist */ = {isa = PBXFileReference; lastKnownFileType = text.plist.xml; path = Info.plist; sourceTree = "<group>"; };
		9473252D1B805C3C00F4B1FD /* AppDelegate.swift */ = {isa = PBXFileReference; lastKnownFileType = sourcecode.swift; path = AppDelegate.swift; sourceTree = "<group>"; };
		947325301B805C3C00F4B1FD /* amatracker.xcdatamodel */ = {isa = PBXFileReference; lastKnownFileType = wrapper.xcdatamodel; path = amatracker.xcdatamodel; sourceTree = "<group>"; };
		947325321B805C3C00F4B1FD /* CalclatorViewController.swift */ = {isa = PBXFileReference; lastKnownFileType = sourcecode.swift; path = CalclatorViewController.swift; sourceTree = "<group>"; };
		947325351B805C3C00F4B1FD /* Base */ = {isa = PBXFileReference; lastKnownFileType = file.storyboard; name = Base; path = Base.lproj/Main.storyboard; sourceTree = "<group>"; };
		947325371B805C3C00F4B1FD /* Images.xcassets */ = {isa = PBXFileReference; lastKnownFileType = folder.assetcatalog; path = Images.xcassets; sourceTree = "<group>"; };
		9473253A1B805C3C00F4B1FD /* Base */ = {isa = PBXFileReference; lastKnownFileType = file.xib; name = Base; path = Base.lproj/LaunchScreen.xib; sourceTree = "<group>"; };
		947325401B805C3D00F4B1FD /* amatrackerTests.xctest */ = {isa = PBXFileReference; explicitFileType = wrapper.cfbundle; includeInIndex = 0; path = amatrackerTests.xctest; sourceTree = BUILT_PRODUCTS_DIR; };
		947325451B805C3D00F4B1FD /* Info.plist */ = {isa = PBXFileReference; lastKnownFileType = text.plist.xml; path = Info.plist; sourceTree = "<group>"; };
		947325461B805C3D00F4B1FD /* amatrackerTests.swift */ = {isa = PBXFileReference; lastKnownFileType = sourcecode.swift; path = amatrackerTests.swift; sourceTree = "<group>"; };
		947325501B805EE800F4B1FD /* MovementListViewController.swift */ = {isa = PBXFileReference; fileEncoding = 4; lastKnownFileType = sourcecode.swift; path = MovementListViewController.swift; sourceTree = "<group>"; };
		947325521B8060CE00F4B1FD /* MovementTableCell.swift */ = {isa = PBXFileReference; fileEncoding = 4; lastKnownFileType = sourcecode.swift; path = MovementTableCell.swift; sourceTree = "<group>"; };
		947325541B80670100F4B1FD /* MovementDetailViewController.swift */ = {isa = PBXFileReference; fileEncoding = 4; lastKnownFileType = sourcecode.swift; path = MovementDetailViewController.swift; sourceTree = "<group>"; };
		947325561B80704D00F4B1FD /* AddRecordViewController.swift */ = {isa = PBXFileReference; fileEncoding = 4; lastKnownFileType = sourcecode.swift; path = AddRecordViewController.swift; sourceTree = "<group>"; };
		947325581B80728E00F4B1FD /* MovementRecordTableCell.swift */ = {isa = PBXFileReference; fileEncoding = 4; lastKnownFileType = sourcecode.swift; path = MovementRecordTableCell.swift; sourceTree = "<group>"; };
		9473255E1B80C4E400F4B1FD /* Movement.swift */ = {isa = PBXFileReference; fileEncoding = 4; lastKnownFileType = sourcecode.swift; name = Movement.swift; path = ../Movement.swift; sourceTree = "<group>"; };
		947325601B80CC6600F4B1FD /* Record.swift */ = {isa = PBXFileReference; fileEncoding = 4; lastKnownFileType = sourcecode.swift; name = Record.swift; path = ../Record.swift; sourceTree = "<group>"; };
		947325631B80DA1000F4B1FD /* RecordService.swift */ = {isa = PBXFileReference; fileEncoding = 4; lastKnownFileType = sourcecode.swift; path = RecordService.swift; sourceTree = "<group>"; };
		9477E4D61C5508D300222D54 /* MeasurementUnit.swift */ = {isa = PBXFileReference; fileEncoding = 4; lastKnownFileType = sourcecode.swift; path = MeasurementUnit.swift; sourceTree = "<group>"; };
		94BD08461BDB35D1005C1FCA /* MovementService.swift */ = {isa = PBXFileReference; fileEncoding = 4; lastKnownFileType = sourcecode.swift; path = MovementService.swift; sourceTree = "<group>"; };
		94BD08481BDB3DF3005C1FCA /* PercentagesViewController.swift */ = {isa = PBXFileReference; fileEncoding = 4; lastKnownFileType = sourcecode.swift; path = PercentagesViewController.swift; sourceTree = "<group>"; };
		94BD084B1BDB3F10005C1FCA /* PercentageTableCell.swift */ = {isa = PBXFileReference; fileEncoding = 4; lastKnownFileType = sourcecode.swift; path = PercentageTableCell.swift; sourceTree = "<group>"; };
		94BD08531BDC9482005C1FCA /* calc-25x25.png */ = {isa = PBXFileReference; lastKnownFileType = image.png; path = "calc-25x25.png"; sourceTree = "<group>"; };
		94BD08551BDC96C8005C1FCA /* weight-30x25.png */ = {isa = PBXFileReference; lastKnownFileType = image.png; path = "weight-30x25.png"; sourceTree = "<group>"; };
		94BD08571BDC97A2005C1FCA /* CF-Amatak-500.png */ = {isa = PBXFileReference; lastKnownFileType = image.png; path = "CF-Amatak-500.png"; sourceTree = "<group>"; };
		94BD08591BDC9950005C1FCA /* amatak-144.png */ = {isa = PBXFileReference; lastKnownFileType = image.png; path = "amatak-144.png"; sourceTree = "<group>"; };
		94D9EF9E1BE483E5006DE7E5 /* amatrackerUITests.xctest */ = {isa = PBXFileReference; explicitFileType = wrapper.cfbundle; includeInIndex = 0; path = amatrackerUITests.xctest; sourceTree = BUILT_PRODUCTS_DIR; };
		C5CC511D91ACDECDB4B6BCF1 /* Pods-amatrackerTests.release.xcconfig */ = {isa = PBXFileReference; includeInIndex = 1; lastKnownFileType = text.xcconfig; name = "Pods-amatrackerTests.release.xcconfig"; path = "Pods/Target Support Files/Pods-amatrackerTests/Pods-amatrackerTests.release.xcconfig"; sourceTree = "<group>"; };
		E062E3A61122AAAABC999F90 /* Pods-amatrackerTests.debug.xcconfig */ = {isa = PBXFileReference; includeInIndex = 1; lastKnownFileType = text.xcconfig; name = "Pods-amatrackerTests.debug.xcconfig"; path = "Pods/Target Support Files/Pods-amatrackerTests/Pods-amatrackerTests.debug.xcconfig"; sourceTree = "<group>"; };
		F59A4ACBC38889C9CFF5F459 /* Pods-amatrackerUITests.release.xcconfig */ = {isa = PBXFileReference; includeInIndex = 1; lastKnownFileType = text.xcconfig; name = "Pods-amatrackerUITests.release.xcconfig"; path = "Pods/Target Support Files/Pods-amatrackerUITests/Pods-amatrackerUITests.release.xcconfig"; sourceTree = "<group>"; };
/* End PBXFileReference section */

/* Begin PBXFrameworksBuildPhase section */
		947325251B805C3C00F4B1FD /* Frameworks */ = {
			isa = PBXFrameworksBuildPhase;
			buildActionMask = 2147483647;
			files = (
				B188FA54E3CDCBF11E8C8FD6 /* Pods_amatracker.framework in Frameworks */,
			);
			runOnlyForDeploymentPostprocessing = 0;
		};
		9473253D1B805C3D00F4B1FD /* Frameworks */ = {
			isa = PBXFrameworksBuildPhase;
			buildActionMask = 2147483647;
			files = (
				07CAB7F22EBB397C84D15E9C /* Pods_amatrackerTests.framework in Frameworks */,
			);
			runOnlyForDeploymentPostprocessing = 0;
		};
		94D9EF9B1BE483E5006DE7E5 /* Frameworks */ = {
			isa = PBXFrameworksBuildPhase;
			buildActionMask = 2147483647;
			files = (
				5260546C388F38CDB9FDE35D /* Pods_amatrackerUITests.framework in Frameworks */,
			);
			runOnlyForDeploymentPostprocessing = 0;
		};
/* End PBXFrameworksBuildPhase section */

/* Begin PBXGroup section */
		4EFA824C670880207F9AA5E7 /* Frameworks */ = {
			isa = PBXGroup;
			children = (
				74DF75483B43769F686F78AD /* Pods_amatracker.framework */,
				81BBE80A04A996B08072959C /* Pods_amatrackerTests.framework */,
				5D25F421490F34B5CCDBDD3E /* Pods_amatrackerUITests.framework */,
			);
			name = Frameworks;
			sourceTree = "<group>";
		};
		9473251F1B805C3C00F4B1FD = {
			isa = PBXGroup;
			children = (
				9473252A1B805C3C00F4B1FD /* amatracker */,
				947325431B805C3D00F4B1FD /* amatrackerTests */,
				947325291B805C3C00F4B1FD /* Products */,
				F92A4B7889994B9C5E414AB3 /* Pods */,
				4EFA824C670880207F9AA5E7 /* Frameworks */,
			);
			sourceTree = "<group>";
		};
		947325291B805C3C00F4B1FD /* Products */ = {
			isa = PBXGroup;
			children = (
				947325281B805C3C00F4B1FD /* amatracker.app */,
				947325401B805C3D00F4B1FD /* amatrackerTests.xctest */,
				94D9EF9E1BE483E5006DE7E5 /* amatrackerUITests.xctest */,
			);
			name = Products;
			sourceTree = "<group>";
		};
		9473252A1B805C3C00F4B1FD /* amatracker */ = {
			isa = PBXGroup;
			children = (
				94BD084A1BDB3EFD005C1FCA /* TableCells */,
				947325621B80D9FE00F4B1FD /* Services */,
				9473255D1B80C42C00F4B1FD /* Models */,
				9473255C1B80C40B00F4B1FD /* Controllers */,
				9473252D1B805C3C00F4B1FD /* AppDelegate.swift */,
				947325341B805C3C00F4B1FD /* Main.storyboard */,
				947325371B805C3C00F4B1FD /* Images.xcassets */,
				947325391B805C3C00F4B1FD /* LaunchScreen.xib */,
				9473252F1B805C3C00F4B1FD /* amatracker.xcdatamodeld */,
				9473252B1B805C3C00F4B1FD /* Supporting Files */,
			);
			path = amatracker;
			sourceTree = "<group>";
		};
		9473252B1B805C3C00F4B1FD /* Supporting Files */ = {
			isa = PBXGroup;
			children = (
				94BD08591BDC9950005C1FCA /* amatak-144.png */,
				94BD08571BDC97A2005C1FCA /* CF-Amatak-500.png */,
				94BD08551BDC96C8005C1FCA /* weight-30x25.png */,
				94BD08531BDC9482005C1FCA /* calc-25x25.png */,
				9473252C1B805C3C00F4B1FD /* Info.plist */,
			);
			name = "Supporting Files";
			sourceTree = "<group>";
		};
		947325431B805C3D00F4B1FD /* amatrackerTests */ = {
			isa = PBXGroup;
			children = (
				947325461B805C3D00F4B1FD /* amatrackerTests.swift */,
				947325441B805C3D00F4B1FD /* Supporting Files */,
			);
			path = amatrackerTests;
			sourceTree = "<group>";
		};
		947325441B805C3D00F4B1FD /* Supporting Files */ = {
			isa = PBXGroup;
			children = (
				947325451B805C3D00F4B1FD /* Info.plist */,
			);
			name = "Supporting Files";
			sourceTree = "<group>";
		};
		9473255C1B80C40B00F4B1FD /* Controllers */ = {
			isa = PBXGroup;
			children = (
				947325561B80704D00F4B1FD /* AddRecordViewController.swift */,
				947325541B80670100F4B1FD /* MovementDetailViewController.swift */,
				947325501B805EE800F4B1FD /* MovementListViewController.swift */,
				947325321B805C3C00F4B1FD /* CalclatorViewController.swift */,
				94BD08481BDB3DF3005C1FCA /* PercentagesViewController.swift */,
			);
			name = Controllers;
			sourceTree = "<group>";
		};
		9473255D1B80C42C00F4B1FD /* Models */ = {
			isa = PBXGroup;
			children = (
				947325601B80CC6600F4B1FD /* Record.swift */,
				9473255E1B80C4E400F4B1FD /* Movement.swift */,
				9477E4D61C5508D300222D54 /* MeasurementUnit.swift */,
			);
			name = Models;
			sourceTree = "<group>";
		};
		947325621B80D9FE00F4B1FD /* Services */ = {
			isa = PBXGroup;
			children = (
				947325631B80DA1000F4B1FD /* RecordService.swift */,
				94BD08461BDB35D1005C1FCA /* MovementService.swift */,
			);
			name = Services;
			sourceTree = "<group>";
		};
		94BD084A1BDB3EFD005C1FCA /* TableCells */ = {
			isa = PBXGroup;
			children = (
				947325521B8060CE00F4B1FD /* MovementTableCell.swift */,
				947325581B80728E00F4B1FD /* MovementRecordTableCell.swift */,
				94BD084B1BDB3F10005C1FCA /* PercentageTableCell.swift */,
			);
			name = TableCells;
			sourceTree = "<group>";
		};
		F92A4B7889994B9C5E414AB3 /* Pods */ = {
			isa = PBXGroup;
			children = (
				579CE48525C26E8D5F9DF0A4 /* Pods-amatracker.debug.xcconfig */,
				7538981E8999615C5C795FDE /* Pods-amatracker.release.xcconfig */,
				E062E3A61122AAAABC999F90 /* Pods-amatrackerTests.debug.xcconfig */,
				C5CC511D91ACDECDB4B6BCF1 /* Pods-amatrackerTests.release.xcconfig */,
				541E65BB273EE98045B2D881 /* Pods-amatrackerUITests.debug.xcconfig */,
				F59A4ACBC38889C9CFF5F459 /* Pods-amatrackerUITests.release.xcconfig */,
			);
			name = Pods;
			sourceTree = "<group>";
		};
/* End PBXGroup section */

/* Begin PBXNativeTarget section */
		947325271B805C3C00F4B1FD /* amatracker */ = {
			isa = PBXNativeTarget;
			buildConfigurationList = 9473254A1B805C3D00F4B1FD /* Build configuration list for PBXNativeTarget "amatracker" */;
			buildPhases = (
				B7C77957EC71588B19C76E7F /* [CP] Check Pods Manifest.lock */,
				947325241B805C3C00F4B1FD /* Sources */,
				947325251B805C3C00F4B1FD /* Frameworks */,
				947325261B805C3C00F4B1FD /* Resources */,
				61EF50EFB79CF3CB54E9C304 /* [CP] Embed Pods Frameworks */,
				0EDEEF477CB2F3861662DD38 /* [CP] Copy Pods Resources */,
			);
			buildRules = (
			);
			dependencies = (
			);
			name = amatracker;
			productName = amatracker;
			productReference = 947325281B805C3C00F4B1FD /* amatracker.app */;
			productType = "com.apple.product-type.application";
		};
		9473253F1B805C3D00F4B1FD /* amatrackerTests */ = {
			isa = PBXNativeTarget;
			buildConfigurationList = 9473254D1B805C3D00F4B1FD /* Build configuration list for PBXNativeTarget "amatrackerTests" */;
			buildPhases = (
				F9D7B947805BC81C2A13A1BE /* [CP] Check Pods Manifest.lock */,
				9473253C1B805C3D00F4B1FD /* Sources */,
				9473253D1B805C3D00F4B1FD /* Frameworks */,
				9473253E1B805C3D00F4B1FD /* Resources */,
				598006549CE359FB21AA7F67 /* [CP] Embed Pods Frameworks */,
				D61A8FB855ABB2E1B04C3122 /* [CP] Copy Pods Resources */,
			);
			buildRules = (
			);
			dependencies = (
				947325421B805C3D00F4B1FD /* PBXTargetDependency */,
			);
			name = amatrackerTests;
			productName = amatrackerTests;
			productReference = 947325401B805C3D00F4B1FD /* amatrackerTests.xctest */;
			productType = "com.apple.product-type.bundle.unit-test";
		};
		94D9EF9D1BE483E5006DE7E5 /* amatrackerUITests */ = {
			isa = PBXNativeTarget;
			buildConfigurationList = 94D9EFA71BE483E5006DE7E5 /* Build configuration list for PBXNativeTarget "amatrackerUITests" */;
			buildPhases = (
				59CFCDDA780C20818319B173 /* [CP] Check Pods Manifest.lock */,
				94D9EF9A1BE483E5006DE7E5 /* Sources */,
				94D9EF9B1BE483E5006DE7E5 /* Frameworks */,
				94D9EF9C1BE483E5006DE7E5 /* Resources */,
				0BD74C3F27F1B24057381623 /* [CP] Embed Pods Frameworks */,
				631BEB5BFF6EE417F305AFD7 /* [CP] Copy Pods Resources */,
			);
			buildRules = (
			);
			dependencies = (
				94D9EFA41BE483E5006DE7E5 /* PBXTargetDependency */,
			);
			name = amatrackerUITests;
			productName = amatrackerUITests;
			productReference = 94D9EF9E1BE483E5006DE7E5 /* amatrackerUITests.xctest */;
			productType = "com.apple.product-type.bundle.ui-testing";
		};
/* End PBXNativeTarget section */

/* Begin PBXProject section */
		947325201B805C3C00F4B1FD /* Project object */ = {
			isa = PBXProject;
			attributes = {
				LastSwiftMigration = 0700;
				LastSwiftUpdateCheck = 0710;
				LastUpgradeCheck = 0920;
				ORGANIZATIONNAME = ryan;
				TargetAttributes = {
					947325271B805C3C00F4B1FD = {
						CreatedOnToolsVersion = 6.4;
						DevelopmentTeam = Y7GJKXSQ2S;
						LastSwiftMigration = 0920;
					};
					9473253F1B805C3D00F4B1FD = {
						CreatedOnToolsVersion = 6.4;
						LastSwiftMigration = 0920;
						TestTargetID = 947325271B805C3C00F4B1FD;
					};
					94D9EF9D1BE483E5006DE7E5 = {
						CreatedOnToolsVersion = 7.1;
						DevelopmentTeam = 5TFH5WCLUL;
						TestTargetID = 947325271B805C3C00F4B1FD;
					};
				};
			};
			buildConfigurationList = 947325231B805C3C00F4B1FD /* Build configuration list for PBXProject "amatracker" */;
			compatibilityVersion = "Xcode 6.3";
			developmentRegion = English;
			hasScannedForEncodings = 0;
			knownRegions = (
				en,
				Base,
			);
			mainGroup = 9473251F1B805C3C00F4B1FD;
			productRefGroup = 947325291B805C3C00F4B1FD /* Products */;
			projectDirPath = "";
			projectRoot = "";
			targets = (
				947325271B805C3C00F4B1FD /* amatracker */,
				9473253F1B805C3D00F4B1FD /* amatrackerTests */,
				94D9EF9D1BE483E5006DE7E5 /* amatrackerUITests */,
			);
		};
/* End PBXProject section */

/* Begin PBXResourcesBuildPhase section */
		947325261B805C3C00F4B1FD /* Resources */ = {
			isa = PBXResourcesBuildPhase;
			buildActionMask = 2147483647;
			files = (
				947325361B805C3C00F4B1FD /* Main.storyboard in Resources */,
				94BD08561BDC96C8005C1FCA /* weight-30x25.png in Resources */,
				9473253B1B805C3C00F4B1FD /* LaunchScreen.xib in Resources */,
				94BD085A1BDC9950005C1FCA /* amatak-144.png in Resources */,
				947325381B805C3C00F4B1FD /* Images.xcassets in Resources */,
				94BD08541BDC9482005C1FCA /* calc-25x25.png in Resources */,
				94BD08581BDC97A2005C1FCA /* CF-Amatak-500.png in Resources */,
			);
			runOnlyForDeploymentPostprocessing = 0;
		};
		9473253E1B805C3D00F4B1FD /* Resources */ = {
			isa = PBXResourcesBuildPhase;
			buildActionMask = 2147483647;
			files = (
			);
			runOnlyForDeploymentPostprocessing = 0;
		};
		94D9EF9C1BE483E5006DE7E5 /* Resources */ = {
			isa = PBXResourcesBuildPhase;
			buildActionMask = 2147483647;
			files = (
			);
			runOnlyForDeploymentPostprocessing = 0;
		};
/* End PBXResourcesBuildPhase section */

/* Begin PBXShellScriptBuildPhase section */
		0BD74C3F27F1B24057381623 /* [CP] Embed Pods Frameworks */ = {
			isa = PBXShellScriptBuildPhase;
			buildActionMask = 2147483647;
			files = (
			);
			inputPaths = (
			);
			name = "[CP] Embed Pods Frameworks";
			outputPaths = (
			);
			runOnlyForDeploymentPostprocessing = 0;
			shellPath = /bin/sh;
			shellScript = "\"${SRCROOT}/Pods/Target Support Files/Pods-amatrackerUITests/Pods-amatrackerUITests-frameworks.sh\"\n";
			showEnvVarsInLog = 0;
		};
		0EDEEF477CB2F3861662DD38 /* [CP] Copy Pods Resources */ = {
			isa = PBXShellScriptBuildPhase;
			buildActionMask = 2147483647;
			files = (
			);
			inputPaths = (
			);
			name = "[CP] Copy Pods Resources";
			outputPaths = (
			);
			runOnlyForDeploymentPostprocessing = 0;
			shellPath = /bin/sh;
			shellScript = "\"${SRCROOT}/Pods/Target Support Files/Pods-amatracker/Pods-amatracker-resources.sh\"\n";
			showEnvVarsInLog = 0;
		};
		598006549CE359FB21AA7F67 /* [CP] Embed Pods Frameworks */ = {
			isa = PBXShellScriptBuildPhase;
			buildActionMask = 2147483647;
			files = (
			);
			inputPaths = (
			);
			name = "[CP] Embed Pods Frameworks";
			outputPaths = (
			);
			runOnlyForDeploymentPostprocessing = 0;
			shellPath = /bin/sh;
			shellScript = "\"${SRCROOT}/Pods/Target Support Files/Pods-amatrackerTests/Pods-amatrackerTests-frameworks.sh\"\n";
			showEnvVarsInLog = 0;
		};
		59CFCDDA780C20818319B173 /* [CP] Check Pods Manifest.lock */ = {
			isa = PBXShellScriptBuildPhase;
			buildActionMask = 2147483647;
			files = (
			);
			inputPaths = (
				"${PODS_PODFILE_DIR_PATH}/Podfile.lock",
				"${PODS_ROOT}/Manifest.lock",
			);
			name = "[CP] Check Pods Manifest.lock";
			outputPaths = (
				"$(DERIVED_FILE_DIR)/Pods-amatrackerUITests-checkManifestLockResult.txt",
			);
			runOnlyForDeploymentPostprocessing = 0;
			shellPath = /bin/sh;
			shellScript = "diff \"${PODS_PODFILE_DIR_PATH}/Podfile.lock\" \"${PODS_ROOT}/Manifest.lock\" > /dev/null\nif [ $? != 0 ] ; then\n    # print error to STDERR\n    echo \"error: The sandbox is not in sync with the Podfile.lock. Run 'pod install' or update your CocoaPods installation.\" >&2\n    exit 1\nfi\n# This output is used by Xcode 'outputs' to avoid re-running this script phase.\necho \"SUCCESS\" > \"${SCRIPT_OUTPUT_FILE_0}\"\n";
			showEnvVarsInLog = 0;
		};
		61EF50EFB79CF3CB54E9C304 /* [CP] Embed Pods Frameworks */ = {
			isa = PBXShellScriptBuildPhase;
			buildActionMask = 2147483647;
			files = (
			);
			inputPaths = (
				"${SRCROOT}/Pods/Target Support Files/Pods-amatracker/Pods-amatracker-frameworks.sh",
				"${BUILT_PRODUCTS_DIR}/KSCrash/KSCrash.framework",
				"${BUILT_PRODUCTS_DIR}/Mixpanel/Mixpanel.framework",
				"${BUILT_PRODUCTS_DIR}/Sentry/Sentry.framework",
			);
			name = "[CP] Embed Pods Frameworks";
			outputPaths = (
				"${TARGET_BUILD_DIR}/${FRAMEWORKS_FOLDER_PATH}/KSCrash.framework",
				"${TARGET_BUILD_DIR}/${FRAMEWORKS_FOLDER_PATH}/Mixpanel.framework",
				"${TARGET_BUILD_DIR}/${FRAMEWORKS_FOLDER_PATH}/Sentry.framework",
			);
			runOnlyForDeploymentPostprocessing = 0;
			shellPath = /bin/sh;
			shellScript = "\"${SRCROOT}/Pods/Target Support Files/Pods-amatracker/Pods-amatracker-frameworks.sh\"\n";
			showEnvVarsInLog = 0;
		};
		631BEB5BFF6EE417F305AFD7 /* [CP] Copy Pods Resources */ = {
			isa = PBXShellScriptBuildPhase;
			buildActionMask = 2147483647;
			files = (
			);
			inputPaths = (
			);
			name = "[CP] Copy Pods Resources";
			outputPaths = (
			);
			runOnlyForDeploymentPostprocessing = 0;
			shellPath = /bin/sh;
			shellScript = "\"${SRCROOT}/Pods/Target Support Files/Pods-amatrackerUITests/Pods-amatrackerUITests-resources.sh\"\n";
			showEnvVarsInLog = 0;
		};
		B7C77957EC71588B19C76E7F /* [CP] Check Pods Manifest.lock */ = {
			isa = PBXShellScriptBuildPhase;
			buildActionMask = 2147483647;
			files = (
			);
			inputPaths = (
				"${PODS_PODFILE_DIR_PATH}/Podfile.lock",
				"${PODS_ROOT}/Manifest.lock",
			);
			name = "[CP] Check Pods Manifest.lock";
			outputPaths = (
				"$(DERIVED_FILE_DIR)/Pods-amatracker-checkManifestLockResult.txt",
			);
			runOnlyForDeploymentPostprocessing = 0;
			shellPath = /bin/sh;
			shellScript = "diff \"${PODS_PODFILE_DIR_PATH}/Podfile.lock\" \"${PODS_ROOT}/Manifest.lock\" > /dev/null\nif [ $? != 0 ] ; then\n    # print error to STDERR\n    echo \"error: The sandbox is not in sync with the Podfile.lock. Run 'pod install' or update your CocoaPods installation.\" >&2\n    exit 1\nfi\n# This output is used by Xcode 'outputs' to avoid re-running this script phase.\necho \"SUCCESS\" > \"${SCRIPT_OUTPUT_FILE_0}\"\n";
			showEnvVarsInLog = 0;
		};
		D61A8FB855ABB2E1B04C3122 /* [CP] Copy Pods Resources */ = {
			isa = PBXShellScriptBuildPhase;
			buildActionMask = 2147483647;
			files = (
			);
			inputPaths = (
			);
			name = "[CP] Copy Pods Resources";
			outputPaths = (
			);
			runOnlyForDeploymentPostprocessing = 0;
			shellPath = /bin/sh;
			shellScript = "\"${SRCROOT}/Pods/Target Support Files/Pods-amatrackerTests/Pods-amatrackerTests-resources.sh\"\n";
			showEnvVarsInLog = 0;
		};
		F9D7B947805BC81C2A13A1BE /* [CP] Check Pods Manifest.lock */ = {
			isa = PBXShellScriptBuildPhase;
			buildActionMask = 2147483647;
			files = (
			);
			inputPaths = (
				"${PODS_PODFILE_DIR_PATH}/Podfile.lock",
				"${PODS_ROOT}/Manifest.lock",
			);
			name = "[CP] Check Pods Manifest.lock";
			outputPaths = (
				"$(DERIVED_FILE_DIR)/Pods-amatrackerTests-checkManifestLockResult.txt",
			);
			runOnlyForDeploymentPostprocessing = 0;
			shellPath = /bin/sh;
			shellScript = "diff \"${PODS_PODFILE_DIR_PATH}/Podfile.lock\" \"${PODS_ROOT}/Manifest.lock\" > /dev/null\nif [ $? != 0 ] ; then\n    # print error to STDERR\n    echo \"error: The sandbox is not in sync with the Podfile.lock. Run 'pod install' or update your CocoaPods installation.\" >&2\n    exit 1\nfi\n# This output is used by Xcode 'outputs' to avoid re-running this script phase.\necho \"SUCCESS\" > \"${SCRIPT_OUTPUT_FILE_0}\"\n";
			showEnvVarsInLog = 0;
		};
/* End PBXShellScriptBuildPhase section */

/* Begin PBXSourcesBuildPhase section */
		947325241B805C3C00F4B1FD /* Sources */ = {
			isa = PBXSourcesBuildPhase;
			buildActionMask = 2147483647;
			files = (
				947325551B80670100F4B1FD /* MovementDetailViewController.swift in Sources */,
				94BD08491BDB3DF3005C1FCA /* PercentagesViewController.swift in Sources */,
				947325331B805C3C00F4B1FD /* CalclatorViewController.swift in Sources */,
				947325611B80CC6600F4B1FD /* Record.swift in Sources */,
				94BD084C1BDB3F10005C1FCA /* PercentageTableCell.swift in Sources */,
				947325591B80728E00F4B1FD /* MovementRecordTableCell.swift in Sources */,
				9477E4D71C5508D300222D54 /* MeasurementUnit.swift in Sources */,
				94BD08471BDB35D1005C1FCA /* MovementService.swift in Sources */,
				947325571B80704D00F4B1FD /* AddRecordViewController.swift in Sources */,
				947325311B805C3C00F4B1FD /* amatracker.xcdatamodeld in Sources */,
				947325531B8060CE00F4B1FD /* MovementTableCell.swift in Sources */,
				947325641B80DA1000F4B1FD /* RecordService.swift in Sources */,
				947325511B805EE800F4B1FD /* MovementListViewController.swift in Sources */,
				9473255F1B80C4E400F4B1FD /* Movement.swift in Sources */,
				9473252E1B805C3C00F4B1FD /* AppDelegate.swift in Sources */,
			);
			runOnlyForDeploymentPostprocessing = 0;
		};
		9473253C1B805C3D00F4B1FD /* Sources */ = {
			isa = PBXSourcesBuildPhase;
			buildActionMask = 2147483647;
			files = (
				947325471B805C3D00F4B1FD /* amatrackerTests.swift in Sources */,
			);
			runOnlyForDeploymentPostprocessing = 0;
		};
		94D9EF9A1BE483E5006DE7E5 /* Sources */ = {
			isa = PBXSourcesBuildPhase;
			buildActionMask = 2147483647;
			files = (
			);
			runOnlyForDeploymentPostprocessing = 0;
		};
/* End PBXSourcesBuildPhase section */

/* Begin PBXTargetDependency section */
		947325421B805C3D00F4B1FD /* PBXTargetDependency */ = {
			isa = PBXTargetDependency;
			target = 947325271B805C3C00F4B1FD /* amatracker */;
			targetProxy = 947325411B805C3D00F4B1FD /* PBXContainerItemProxy */;
		};
		94D9EFA41BE483E5006DE7E5 /* PBXTargetDependency */ = {
			isa = PBXTargetDependency;
			target = 947325271B805C3C00F4B1FD /* amatracker */;
			targetProxy = 94D9EFA31BE483E5006DE7E5 /* PBXContainerItemProxy */;
		};
/* End PBXTargetDependency section */

/* Begin PBXVariantGroup section */
		947325341B805C3C00F4B1FD /* Main.storyboard */ = {
			isa = PBXVariantGroup;
			children = (
				947325351B805C3C00F4B1FD /* Base */,
			);
			name = Main.storyboard;
			sourceTree = "<group>";
		};
		947325391B805C3C00F4B1FD /* LaunchScreen.xib */ = {
			isa = PBXVariantGroup;
			children = (
				9473253A1B805C3C00F4B1FD /* Base */,
			);
			name = LaunchScreen.xib;
			sourceTree = "<group>";
		};
/* End PBXVariantGroup section */

/* Begin XCBuildConfiguration section */
		947325481B805C3D00F4B1FD /* Debug */ = {
			isa = XCBuildConfiguration;
			buildSettings = {
				ALWAYS_SEARCH_USER_PATHS = NO;
				CLANG_CXX_LANGUAGE_STANDARD = "gnu++0x";
				CLANG_CXX_LIBRARY = "libc++";
				CLANG_ENABLE_MODULES = YES;
				CLANG_ENABLE_OBJC_ARC = YES;
				CLANG_WARN_BLOCK_CAPTURE_AUTORELEASING = YES;
				CLANG_WARN_BOOL_CONVERSION = YES;
				CLANG_WARN_COMMA = YES;
				CLANG_WARN_CONSTANT_CONVERSION = YES;
				CLANG_WARN_DIRECT_OBJC_ISA_USAGE = YES_ERROR;
				CLANG_WARN_EMPTY_BODY = YES;
				CLANG_WARN_ENUM_CONVERSION = YES;
				CLANG_WARN_INFINITE_RECURSION = YES;
				CLANG_WARN_INT_CONVERSION = YES;
				CLANG_WARN_NON_LITERAL_NULL_CONVERSION = YES;
				CLANG_WARN_OBJC_LITERAL_CONVERSION = YES;
				CLANG_WARN_OBJC_ROOT_CLASS = YES_ERROR;
				CLANG_WARN_RANGE_LOOP_ANALYSIS = YES;
				CLANG_WARN_STRICT_PROTOTYPES = YES;
				CLANG_WARN_SUSPICIOUS_MOVE = YES;
				CLANG_WARN_UNREACHABLE_CODE = YES;
				CLANG_WARN__DUPLICATE_METHOD_MATCH = YES;
				"CODE_SIGN_IDENTITY[sdk=iphoneos*]" = "iPhone Developer";
				COPY_PHASE_STRIP = NO;
				DEBUG_INFORMATION_FORMAT = "dwarf-with-dsym";
				ENABLE_STRICT_OBJC_MSGSEND = YES;
				ENABLE_TESTABILITY = YES;
				GCC_C_LANGUAGE_STANDARD = gnu99;
				GCC_DYNAMIC_NO_PIC = NO;
				GCC_NO_COMMON_BLOCKS = YES;
				GCC_OPTIMIZATION_LEVEL = 0;
				GCC_PREPROCESSOR_DEFINITIONS = (
					"DEBUG=1",
					"$(inherited)",
				);
				GCC_SYMBOLS_PRIVATE_EXTERN = NO;
				GCC_WARN_64_TO_32_BIT_CONVERSION = YES;
				GCC_WARN_ABOUT_RETURN_TYPE = YES_ERROR;
				GCC_WARN_UNDECLARED_SELECTOR = YES;
				GCC_WARN_UNINITIALIZED_AUTOS = YES_AGGRESSIVE;
				GCC_WARN_UNUSED_FUNCTION = YES;
				GCC_WARN_UNUSED_VARIABLE = YES;
				IPHONEOS_DEPLOYMENT_TARGET = 11.0;
				MTL_ENABLE_DEBUG_INFO = YES;
				ONLY_ACTIVE_ARCH = YES;
				SDKROOT = iphoneos;
				SWIFT_OPTIMIZATION_LEVEL = "-Onone";
			};
			name = Debug;
		};
		947325491B805C3D00F4B1FD /* Release */ = {
			isa = XCBuildConfiguration;
			buildSettings = {
				ALWAYS_SEARCH_USER_PATHS = NO;
				CLANG_CXX_LANGUAGE_STANDARD = "gnu++0x";
				CLANG_CXX_LIBRARY = "libc++";
				CLANG_ENABLE_MODULES = YES;
				CLANG_ENABLE_OBJC_ARC = YES;
				CLANG_WARN_BLOCK_CAPTURE_AUTORELEASING = YES;
				CLANG_WARN_BOOL_CONVERSION = YES;
				CLANG_WARN_COMMA = YES;
				CLANG_WARN_CONSTANT_CONVERSION = YES;
				CLANG_WARN_DIRECT_OBJC_ISA_USAGE = YES_ERROR;
				CLANG_WARN_EMPTY_BODY = YES;
				CLANG_WARN_ENUM_CONVERSION = YES;
				CLANG_WARN_INFINITE_RECURSION = YES;
				CLANG_WARN_INT_CONVERSION = YES;
				CLANG_WARN_NON_LITERAL_NULL_CONVERSION = YES;
				CLANG_WARN_OBJC_LITERAL_CONVERSION = YES;
				CLANG_WARN_OBJC_ROOT_CLASS = YES_ERROR;
				CLANG_WARN_RANGE_LOOP_ANALYSIS = YES;
				CLANG_WARN_STRICT_PROTOTYPES = YES;
				CLANG_WARN_SUSPICIOUS_MOVE = YES;
				CLANG_WARN_UNREACHABLE_CODE = YES;
				CLANG_WARN__DUPLICATE_METHOD_MATCH = YES;
				"CODE_SIGN_IDENTITY[sdk=iphoneos*]" = "iPhone Developer";
				COPY_PHASE_STRIP = NO;
				DEBUG_INFORMATION_FORMAT = "dwarf-with-dsym";
				ENABLE_NS_ASSERTIONS = NO;
				ENABLE_STRICT_OBJC_MSGSEND = YES;
				GCC_C_LANGUAGE_STANDARD = gnu99;
				GCC_NO_COMMON_BLOCKS = YES;
				GCC_WARN_64_TO_32_BIT_CONVERSION = YES;
				GCC_WARN_ABOUT_RETURN_TYPE = YES_ERROR;
				GCC_WARN_UNDECLARED_SELECTOR = YES;
				GCC_WARN_UNINITIALIZED_AUTOS = YES_AGGRESSIVE;
				GCC_WARN_UNUSED_FUNCTION = YES;
				GCC_WARN_UNUSED_VARIABLE = YES;
				IPHONEOS_DEPLOYMENT_TARGET = 11.0;
				MTL_ENABLE_DEBUG_INFO = NO;
				ONLY_ACTIVE_ARCH = NO;
				SDKROOT = iphoneos;
				SWIFT_OPTIMIZATION_LEVEL = "-Owholemodule";
				VALIDATE_PRODUCT = YES;
			};
			name = Release;
		};
		9473254B1B805C3D00F4B1FD /* Debug */ = {
			isa = XCBuildConfiguration;
			baseConfigurationReference = 579CE48525C26E8D5F9DF0A4 /* Pods-amatracker.debug.xcconfig */;
			buildSettings = {
				ASSETCATALOG_COMPILER_APPICON_NAME = AppIcon;
				CLANG_ENABLE_MODULES = YES;
				CODE_SIGN_IDENTITY = "iPhone Developer";
				"CODE_SIGN_IDENTITY[sdk=iphoneos*]" = "iPhone Developer";
				INFOPLIST_FILE = amatracker/Info.plist;
				IPHONEOS_DEPLOYMENT_TARGET = 9.0;
				LD_RUNPATH_SEARCH_PATHS = "$(inherited) @executable_path/Frameworks";
				PRODUCT_BUNDLE_IDENTIFIER = com.ryanpmartz.amatrackr;
				PRODUCT_NAME = "$(TARGET_NAME)";
				PROVISIONING_PROFILE = "";
				SWIFT_OBJC_BRIDGING_HEADER = "amatracker/amatracker-Bridging-Header.h";
				SWIFT_OPTIMIZATION_LEVEL = "-Onone";
				SWIFT_SWIFT3_OBJC_INFERENCE = Default;
				SWIFT_VERSION = 4.0;
			};
			name = Debug;
		};
		9473254C1B805C3D00F4B1FD /* Release */ = {
			isa = XCBuildConfiguration;
			baseConfigurationReference = 7538981E8999615C5C795FDE /* Pods-amatracker.release.xcconfig */;
			buildSettings = {
				ASSETCATALOG_COMPILER_APPICON_NAME = AppIcon;
				CLANG_ENABLE_MODULES = YES;
				CODE_SIGN_IDENTITY = "iPhone Developer";
				"CODE_SIGN_IDENTITY[sdk=iphoneos*]" = "iPhone Developer";
				INFOPLIST_FILE = amatracker/Info.plist;
				IPHONEOS_DEPLOYMENT_TARGET = 9.0;
				LD_RUNPATH_SEARCH_PATHS = "$(inherited) @executable_path/Frameworks";
				PRODUCT_BUNDLE_IDENTIFIER = com.ryanpmartz.amatrackr;
				PRODUCT_NAME = "$(TARGET_NAME)";
				PROVISIONING_PROFILE = "";
				SWIFT_OBJC_BRIDGING_HEADER = "amatracker/amatracker-Bridging-Header.h";
				SWIFT_SWIFT3_OBJC_INFERENCE = Default;
				SWIFT_VERSION = 4.0;
			};
			name = Release;
		};
		9473254E1B805C3D00F4B1FD /* Debug */ = {
			isa = XCBuildConfiguration;
			baseConfigurationReference = E062E3A61122AAAABC999F90 /* Pods-amatrackerTests.debug.xcconfig */;
			buildSettings = {
				BUNDLE_LOADER = "$(TEST_HOST)";
				FRAMEWORK_SEARCH_PATHS = (
					"$(SDKROOT)/Developer/Library/Frameworks",
					"$(inherited)",
				);
				GCC_PREPROCESSOR_DEFINITIONS = (
					"DEBUG=1",
					"$(inherited)",
				);
				INFOPLIST_FILE = amatrackerTests/Info.plist;
				LD_RUNPATH_SEARCH_PATHS = "$(inherited) @executable_path/Frameworks @loader_path/Frameworks";
				PRODUCT_BUNDLE_IDENTIFIER = "com.ryanpmartz.$(PRODUCT_NAME:rfc1034identifier)";
				PRODUCT_NAME = "$(TARGET_NAME)";
				SWIFT_SWIFT3_OBJC_INFERENCE = Default;
				SWIFT_VERSION = 4.0;
				TEST_HOST = "$(BUILT_PRODUCTS_DIR)/amatracker.app/amatracker";
			};
			name = Debug;
		};
		9473254F1B805C3D00F4B1FD /* Release */ = {
			isa = XCBuildConfiguration;
			baseConfigurationReference = C5CC511D91ACDECDB4B6BCF1 /* Pods-amatrackerTests.release.xcconfig */;
			buildSettings = {
				BUNDLE_LOADER = "$(TEST_HOST)";
				FRAMEWORK_SEARCH_PATHS = (
					"$(SDKROOT)/Developer/Library/Frameworks",
					"$(inherited)",
				);
				INFOPLIST_FILE = amatrackerTests/Info.plist;
				LD_RUNPATH_SEARCH_PATHS = "$(inherited) @executable_path/Frameworks @loader_path/Frameworks";
				PRODUCT_BUNDLE_IDENTIFIER = "com.ryanpmartz.$(PRODUCT_NAME:rfc1034identifier)";
				PRODUCT_NAME = "$(TARGET_NAME)";
				SWIFT_SWIFT3_OBJC_INFERENCE = Default;
				SWIFT_VERSION = 4.0;
				TEST_HOST = "$(BUILT_PRODUCTS_DIR)/amatracker.app/amatracker";
			};
			name = Release;
		};
		94D9EFA51BE483E5006DE7E5 /* Debug */ = {
			isa = XCBuildConfiguration;
			baseConfigurationReference = 541E65BB273EE98045B2D881 /* Pods-amatrackerUITests.debug.xcconfig */;
			buildSettings = {
				DEBUG_INFORMATION_FORMAT = dwarf;
				INFOPLIST_FILE = amatrackerUITests/Info.plist;
				IPHONEOS_DEPLOYMENT_TARGET = 9.1;
				LD_RUNPATH_SEARCH_PATHS = "$(inherited) @executable_path/Frameworks @loader_path/Frameworks";
				PRODUCT_BUNDLE_IDENTIFIER = com.ryanpmartz.amatrackerUITests;
				PRODUCT_NAME = "$(TARGET_NAME)";
				TEST_TARGET_NAME = amatracker;
				USES_XCTRUNNER = YES;
			};
			name = Debug;
		};
		94D9EFA61BE483E5006DE7E5 /* Release */ = {
			isa = XCBuildConfiguration;
			baseConfigurationReference = F59A4ACBC38889C9CFF5F459 /* Pods-amatrackerUITests.release.xcconfig */;
			buildSettings = {
				INFOPLIST_FILE = amatrackerUITests/Info.plist;
				IPHONEOS_DEPLOYMENT_TARGET = 9.1;
				LD_RUNPATH_SEARCH_PATHS = "$(inherited) @executable_path/Frameworks @loader_path/Frameworks";
				PRODUCT_BUNDLE_IDENTIFIER = com.ryanpmartz.amatrackerUITests;
				PRODUCT_NAME = "$(TARGET_NAME)";
				TEST_TARGET_NAME = amatracker;
				USES_XCTRUNNER = YES;
			};
			name = Release;
		};
/* End XCBuildConfiguration section */

/* Begin XCConfigurationList section */
		947325231B805C3C00F4B1FD /* Build configuration list for PBXProject "amatracker" */ = {
			isa = XCConfigurationList;
			buildConfigurations = (
				947325481B805C3D00F4B1FD /* Debug */,
				947325491B805C3D00F4B1FD /* Release */,
			);
			defaultConfigurationIsVisible = 0;
			defaultConfigurationName = Release;
		};
		9473254A1B805C3D00F4B1FD /* Build configuration list for PBXNativeTarget "amatracker" */ = {
			isa = XCConfigurationList;
			buildConfigurations = (
				9473254B1B805C3D00F4B1FD /* Debug */,
				9473254C1B805C3D00F4B1FD /* Release */,
			);
			defaultConfigurationIsVisible = 0;
			defaultConfigurationName = Release;
		};
		9473254D1B805C3D00F4B1FD /* Build configuration list for PBXNativeTarget "amatrackerTests" */ = {
			isa = XCConfigurationList;
			buildConfigurations = (
				9473254E1B805C3D00F4B1FD /* Debug */,
				9473254F1B805C3D00F4B1FD /* Release */,
			);
			defaultConfigurationIsVisible = 0;
			defaultConfigurationName = Release;
		};
		94D9EFA71BE483E5006DE7E5 /* Build configuration list for PBXNativeTarget "amatrackerUITests" */ = {
			isa = XCConfigurationList;
			buildConfigurations = (
				94D9EFA51BE483E5006DE7E5 /* Debug */,
				94D9EFA61BE483E5006DE7E5 /* Release */,
			);
			defaultConfigurationIsVisible = 0;
			defaultConfigurationName = Release;
		};
/* End XCConfigurationList section */

/* Begin XCVersionGroup section */
		9473252F1B805C3C00F4B1FD /* amatracker.xcdatamodeld */ = {
			isa = XCVersionGroup;
			children = (
				947325301B805C3C00F4B1FD /* amatracker.xcdatamodel */,
			);
			currentVersion = 947325301B805C3C00F4B1FD /* amatracker.xcdatamodel */;
			path = amatracker.xcdatamodeld;
			sourceTree = "<group>";
			versionGroupType = wrapper.xcdatamodel;
		};
/* End XCVersionGroup section */
	};
	rootObject = 947325201B805C3C00F4B1FD /* Project object */;
}
